
Microsoft Visual Studio Solution File, Format Version 12.00
# Visual Studio 15
VisualStudioVersion = 15.0.26228.9
MinimumVisualStudioVersion = 10.0.40219.1
Project("{FAE04EC0-301F-11D3-BF4B-00C04F79EFBC}") = "CoreIdentityDemo.Web", "CoreIdentityDemo.Web\CoreIdentityDemo.Web.csproj", "{D5CDB7C5-AA3A-4522-8EDC-8AC1234B29A8}"
EndProject
Project("{FAE04EC0-301F-11D3-BF4B-00C04F79EFBC}") = "CoreIdentityDemo.Domain", "CoreIdentityDemo.Domain\CoreIdentityDemo.Domain.csproj", "{EB1FCBA3-DD43-4091-BA1B-11DA6A596C3A}"
EndProject
Project("{FAE04EC0-301F-11D3-BF4B-00C04F79EFBC}") = "CoreIdentityDemo.Data.DapperSql", "CoreIdentityDemo.Data.DapperSql\CoreIdentityDemo.Data.DapperSql.csproj", "{AC50840E-8916-42A9-8F75-A2795CB43ECE}"
EndProject
Global
	GlobalSection(SolutionConfigurationPlatforms) = preSolution
		Debug|Any CPU = Debug|Any CPU
		Release|Any CPU = Release|Any CPU
	EndGlobalSection
	GlobalSection(ProjectConfigurationPlatforms) = postSolution
		{D5CDB7C5-AA3A-4522-8EDC-8AC1234B29A8}.Debug|Any CPU.ActiveCfg = Debug|Any CPU
		{D5CDB7C5-AA3A-4522-8EDC-8AC1234B29A8}.Debug|Any CPU.Build.0 = Debug|Any CPU
		{D5CDB7C5-AA3A-4522-8EDC-8AC1234B29A8}.Release|Any CPU.ActiveCfg = Release|Any CPU
		{D5CDB7C5-AA3A-4522-8EDC-8AC1234B29A8}.Release|Any CPU.Build.0 = Release|Any CPU
		{EB1FCBA3-DD43-4091-BA1B-11DA6A596C3A}.Debug|Any CPU.ActiveCfg = Debug|Any CPU
		{EB1FCBA3-DD43-4091-BA1B-11DA6A596C3A}.Debug|Any CPU.Build.0 = Debug|Any CPU
		{EB1FCBA3-DD43-4091-BA1B-11DA6A596C3A}.Release|Any CPU.ActiveCfg = Release|Any CPU
		{EB1FCBA3-DD43-4091-BA1B-11DA6A596C3A}.Release|Any CPU.Build.0 = Release|Any CPU
		{AC50840E-8916-42A9-8F75-A2795CB43ECE}.Debug|Any CPU.ActiveCfg = Debug|Any CPU
		{AC50840E-8916-42A9-8F75-A2795CB43ECE}.Debug|Any CPU.Build.0 = Debug|Any CPU
		{AC50840E-8916-42A9-8F75-A2795CB43ECE}.Release|Any CPU.ActiveCfg = Release|Any CPU
		{AC50840E-8916-42A9-8F75-A2795CB43ECE}.Release|Any CPU.Build.0 = Release|Any CPU
	EndGlobalSection
	GlobalSection(SolutionProperties) = preSolution
		HideSolutionNode = FALSE
	EndGlobalSection
EndGlobal
